// !$*UTF8*$!
{
	archiveVersion = 1;
	classes = {
	};
	objectVersion = 50;
	objects = {

/* Begin PBXBuildFile section */
		B8176E252342F32800D6696A /* AppDelegate.swift in Sources */ = {isa = PBXBuildFile; fileRef = B8176E242342F32800D6696A /* AppDelegate.swift */; };
		B8176E272342F32800D6696A /* ViewController.swift in Sources */ = {isa = PBXBuildFile; fileRef = B8176E262342F32800D6696A /* ViewController.swift */; };
		B8176E2A2342F32800D6696A /* Main.storyboard in Resources */ = {isa = PBXBuildFile; fileRef = B8176E282342F32800D6696A /* Main.storyboard */; };
		B8176E2C2342F32900D6696A /* Assets.xcassets in Resources */ = {isa = PBXBuildFile; fileRef = B8176E2B2342F32900D6696A /* Assets.xcassets */; };
		B8176E2F2342F32900D6696A /* LaunchScreen.storyboard in Resources */ = {isa = PBXBuildFile; fileRef = B8176E2D2342F32900D6696A /* LaunchScreen.storyboard */; };
		B861EC392342F3AB00C2E9AB /* testSearchFunctionTests.swift in Sources */ = {isa = PBXBuildFile; fileRef = B861EC382342F3AA00C2E9AB /* testSearchFunctionTests.swift */; };
		B861EC582342F49700C2E9AB /* search_videos.plist in Resources */ = {isa = PBXBuildFile; fileRef = B861EC572342F49700C2E9AB /* search_videos.plist */; };
/* End PBXBuildFile section */

/* Begin PBXContainerItemProxy section */
		B861EC3B2342F3AB00C2E9AB /* PBXContainerItemProxy */ = {
			isa = PBXContainerItemProxy;
			containerPortal = B8176E192342F32800D6696A /* Project object */;
			proxyType = 1;
			remoteGlobalIDString = B8176E202342F32800D6696A;
			remoteInfo = testSearchFunction;
		};
/* End PBXContainerItemProxy section */

/* Begin PBXFileReference section */
		B8176E212342F32800D6696A /* testSearchFunction.app */ = {isa = PBXFileReference; explicitFileType = wrapper.application; includeInIndex = 0; path = testSearchFunction.app; sourceTree = BUILT_PRODUCTS_DIR; };
		B8176E242342F32800D6696A /* AppDelegate.swift */ = {isa = PBXFileReference; lastKnownFileType = sourcecode.swift; path = AppDelegate.swift; sourceTree = "<group>"; };
		B8176E262342F32800D6696A /* ViewController.swift */ = {isa = PBXFileReference; lastKnownFileType = sourcecode.swift; path = ViewController.swift; sourceTree = "<group>"; };
		B8176E292342F32800D6696A /* Base */ = {isa = PBXFileReference; lastKnownFileType = file.storyboard; name = Base; path = Base.lproj/Main.storyboard; sourceTree = "<group>"; };
		B8176E2B2342F32900D6696A /* Assets.xcassets */ = {isa = PBXFileReference; lastKnownFileType = folder.assetcatalog; path = Assets.xcassets; sourceTree = "<group>"; };
		B8176E2E2342F32900D6696A /* Base */ = {isa = PBXFileReference; lastKnownFileType = file.storyboard; name = Base; path = Base.lproj/LaunchScreen.storyboard; sourceTree = "<group>"; };
		B8176E302342F32900D6696A /* Info.plist */ = {isa = PBXFileReference; lastKnownFileType = text.plist.xml; path = Info.plist; sourceTree = "<group>"; };
		B861EC362342F3AA00C2E9AB /* testSearchFunctionTests.xctest */ = {isa = PBXFileReference; explicitFileType = wrapper.cfbundle; includeInIndex = 0; path = testSearchFunctionTests.xctest; sourceTree = BUILT_PRODUCTS_DIR; };
		B861EC382342F3AA00C2E9AB /* testSearchFunctionTests.swift */ = {isa = PBXFileReference; lastKnownFileType = sourcecode.swift; path = testSearchFunctionTests.swift; sourceTree = "<group>"; };
		B861EC3A2342F3AB00C2E9AB /* Info.plist */ = {isa = PBXFileReference; lastKnownFileType = text.plist.xml; path = Info.plist; sourceTree = "<group>"; };
		B861EC572342F49700C2E9AB /* search_videos.plist */ = {isa = PBXFileReference; fileEncoding = 4; lastKnownFileType = text.plist.xml; path = search_videos.plist; sourceTree = "<group>"; };
/* End PBXFileReference section */

/* Begin PBXFrameworksBuildPhase section */
		B8176E1E2342F32800D6696A /* Frameworks */ = {
			isa = PBXFrameworksBuildPhase;
			buildActionMask = 2147483647;
			files = (
			);
			runOnlyForDeploymentPostprocessing = 0;
		};
		B861EC332342F3AA00C2E9AB /* Frameworks */ = {
			isa = PBXFrameworksBuildPhase;
			buildActionMask = 2147483647;
			files = (
			);
			runOnlyForDeploymentPostprocessing = 0;
		};
/* End PBXFrameworksBuildPhase section */

/* Begin PBXGroup section */
		B8176E182342F32800D6696A = {
			isa = PBXGroup;
			children = (
				B8176E232342F32800D6696A /* testSearchFunction */,
				B861EC372342F3AA00C2E9AB /* testSearchFunctionTests */,
				B8176E222342F32800D6696A /* Products */,
			);
			sourceTree = "<group>";
		};
		B8176E222342F32800D6696A /* Products */ = {
			isa = PBXGroup;
			children = (
				B8176E212342F32800D6696A /* testSearchFunction.app */,
				B861EC362342F3AA00C2E9AB /* testSearchFunctionTests.xctest */,
			);
			name = Products;
			sourceTree = "<group>";
		};
		B8176E232342F32800D6696A /* testSearchFunction */ = {
			isa = PBXGroup;
			children = (
				B861EC572342F49700C2E9AB /* search_videos.plist */,
				B8176E242342F32800D6696A /* AppDelegate.swift */,
				B8176E262342F32800D6696A /* ViewController.swift */,
				B8176E282342F32800D6696A /* Main.storyboard */,
				B8176E2B2342F32900D6696A /* Assets.xcassets */,
				B8176E2D2342F32900D6696A /* LaunchScreen.storyboard */,
				B8176E302342F32900D6696A /* Info.plist */,
			);
			path = testSearchFunction;
			sourceTree = "<group>";
		};
		B861EC372342F3AA00C2E9AB /* testSearchFunctionTests */ = {
			isa = PBXGroup;
			children = (
				B861EC382342F3AA00C2E9AB /* testSearchFunctionTests.swift */,
				B861EC3A2342F3AB00C2E9AB /* Info.plist */,
			);
			path = testSearchFunctionTests;
			sourceTree = "<group>";
		};
/* End PBXGroup section */

/* Begin PBXNativeTarget section */
		B8176E202342F32800D6696A /* testSearchFunction */ = {
			isa = PBXNativeTarget;
			buildConfigurationList = B8176E332342F32900D6696A /* Build configuration list for PBXNativeTarget "testSearchFunction" */;
			buildPhases = (
				B8176E1D2342F32800D6696A /* Sources */,
				B8176E1E2342F32800D6696A /* Frameworks */,
				B8176E1F2342F32800D6696A /* Resources */,
			);
			buildRules = (
			);
			dependencies = (
			);
			name = testSearchFunction;
			productName = testSearchFunction;
			productReference = B8176E212342F32800D6696A /* testSearchFunction.app */;
			productType = "com.apple.product-type.application";
		};
		B861EC352342F3AA00C2E9AB /* testSearchFunctionTests */ = {
			isa = PBXNativeTarget;
			buildConfigurationList = B861EC3F2342F3AB00C2E9AB /* Build configuration list for PBXNativeTarget "testSearchFunctionTests" */;
			buildPhases = (
				B861EC322342F3AA00C2E9AB /* Sources */,
				B861EC332342F3AA00C2E9AB /* Frameworks */,
				B861EC342342F3AA00C2E9AB /* Resources */,
			);
			buildRules = (
			);
			dependencies = (
				B861EC3C2342F3AB00C2E9AB /* PBXTargetDependency */,
			);
			name = testSearchFunctionTests;
			productName = testSearchFunctionTests;
			productReference = B861EC362342F3AA00C2E9AB /* testSearchFunctionTests.xctest */;
			productType = "com.apple.product-type.bundle.unit-test";
		};
/* End PBXNativeTarget section */

/* Begin PBXProject section */
		B8176E192342F32800D6696A /* Project object */ = {
			isa = PBXProject;
			attributes = {
				LastSwiftUpdateCheck = 1010;
				LastUpgradeCheck = 1020;
				ORGANIZATIONNAME = zappasoft;
				TargetAttributes = {
					B8176E202342F32800D6696A = {
						CreatedOnToolsVersion = 10.2.1;
					};
					B861EC352342F3AA00C2E9AB = {
						CreatedOnToolsVersion = 10.1;
						TestTargetID = B8176E202342F32800D6696A;
					};
				};
			};
			buildConfigurationList = B8176E1C2342F32800D6696A /* Build configuration list for PBXProject "testSearchFunction" */;
			compatibilityVersion = "Xcode 9.3";
			developmentRegion = en;
			hasScannedForEncodings = 0;
			knownRegions = (
				en,
				Base,
			);
			mainGroup = B8176E182342F32800D6696A;
			productRefGroup = B8176E222342F32800D6696A /* Products */;
			projectDirPath = "";
			projectRoot = "";
			targets = (
				B8176E202342F32800D6696A /* testSearchFunction */,
				B861EC352342F3AA00C2E9AB /* testSearchFunctionTests */,
			);
		};
/* End PBXProject section */

/* Begin PBXResourcesBuildPhase section */
		B8176E1F2342F32800D6696A /* Resources */ = {
			isa = PBXResourcesBuildPhase;
			buildActionMask = 2147483647;
			files = (
				B861EC582342F49700C2E9AB /* search_videos.plist in Resources */,
				B8176E2F2342F32900D6696A /* LaunchScreen.storyboard in Resources */,
				B8176E2C2342F32900D6696A /* Assets.xcassets in Resources */,
				B8176E2A2342F32800D6696A /* Main.storyboard in Resources */,
			);
			runOnlyForDeploymentPostprocessing = 0;
		};
		B861EC342342F3AA00C2E9AB /* Resources */ = {
			isa = PBXResourcesBuildPhase;
			buildActionMask = 2147483647;
			files = (
			);
			runOnlyForDeploymentPostprocessing = 0;
		};
/* End PBXResourcesBuildPhase section */

/* Begin PBXSourcesBuildPhase section */
		B8176E1D2342F32800D6696A /* Sources */ = {
			isa = PBXSourcesBuildPhase;
			buildActionMask = 2147483647;
			files = (
				B8176E272342F32800D6696A /* ViewController.swift in Sources */,
				B8176E252342F32800D6696A /* AppDelegate.swift in Sources */,
			);
			runOnlyForDeploymentPostprocessing = 0;
		};
		B861EC322342F3AA00C2E9AB /* Sources */ = {
			isa = PBXSourcesBuildPhase;
			buildActionMask = 2147483647;
			files = (
				B861EC392342F3AB00C2E9AB /* testSearchFunctionTests.swift in Sources */,
			);
			runOnlyForDeploymentPostprocessing = 0;
		};
/* End PBXSourcesBuildPhase section */

/* Begin PBXTargetDependency section */
		B861EC3C2342F3AB00C2E9AB /* PBXTargetDependency */ = {
			isa = PBXTargetDependency;
			target = B8176E202342F32800D6696A /* testSearchFunction */;
			targetProxy = B861EC3B2342F3AB00C2E9AB /* PBXContainerItemProxy */;
		};
/* End PBXTargetDependency section */

/* Begin PBXVariantGroup section */
		B8176E282342F32800D6696A /* Main.storyboard */ = {
			isa = PBXVariantGroup;
			children = (
				B8176E292342F32800D6696A /* Base */,
			);
			name = Main.storyboard;
			sourceTree = "<group>";
		};
		B8176E2D2342F32900D6696A /* LaunchScreen.storyboard */ = {
			isa = PBXVariantGroup;
			children = (
				B8176E2E2342F32900D6696A /* Base */,
			);
			name = LaunchScreen.storyboard;
			sourceTree = "<group>";
		};
/* End PBXVariantGroup section */

/* Begin XCBuildConfiguration section */
		B8176E312342F32900D6696A /* Debug */ = {
			isa = XCBuildConfiguration;
			buildSettings = {
				ALWAYS_SEARCH_USER_PATHS = NO;
				CLANG_ANALYZER_NONNULL = YES;
				CLANG_ANALYZER_NUMBER_OBJECT_CONVERSION = YES_AGGRESSIVE;
				CLANG_CXX_LANGUAGE_STANDARD = "gnu++14";
				CLANG_CXX_LIBRARY = "libc++";
				CLANG_ENABLE_MODULES = YES;
				CLANG_ENABLE_OBJC_ARC = YES;
				CLANG_ENABLE_OBJC_WEAK = YES;
				CLANG_WARN_BLOCK_CAPTURE_AUTORELEASING = YES;
				CLANG_WARN_BOOL_CONVERSION = YES;
				CLANG_WARN_COMMA = YES;
				CLANG_WARN_CONSTANT_CONVERSION = YES;
				CLANG_WARN_DEPRECATED_OBJC_IMPLEMENTATIONS = YES;
				CLANG_WARN_DIRECT_OBJC_ISA_USAGE = YES_ERROR;
				CLANG_WARN_DOCUMENTATION_COMMENTS = YES;
				CLANG_WARN_EMPTY_BODY = YES;
				CLANG_WARN_ENUM_CONVERSION = YES;
				CLANG_WARN_INFINITE_RECURSION = YES;
				CLANG_WARN_INT_CONVERSION = YES;
				CLANG_WARN_NON_LITERAL_NULL_CONVERSION = YES;
				CLANG_WARN_OBJC_IMPLICIT_RETAIN_SELF = YES;
				CLANG_WARN_OBJC_LITERAL_CONVERSION = YES;
				CLANG_WARN_OBJC_ROOT_CLASS = YES_ERROR;
				CLANG_WARN_RANGE_LOOP_ANALYSIS = YES;
				CLANG_WARN_STRICT_PROTOTYPES = YES;
				CLANG_WARN_SUSPICIOUS_MOVE = YES;
				CLANG_WARN_UNGUARDED_AVAILABILITY = YES_AGGRESSIVE;
				CLANG_WARN_UNREACHABLE_CODE = YES;
				CLANG_WARN__DUPLICATE_METHOD_MATCH = YES;
				CODE_SIGN_IDENTITY = "iPhone Developer";
				COPY_PHASE_STRIP = NO;
				DEBUG_INFORMATION_FORMAT = dwarf;
				ENABLE_STRICT_OBJC_MSGSEND = YES;
				ENABLE_TESTABILITY = YES;
				GCC_C_LANGUAGE_STANDARD = gnu11;
				GCC_DYNAMIC_NO_PIC = NO;
				GCC_NO_COMMON_BLOCKS = YES;
				GCC_OPTIMIZATION_LEVEL = 0;
				GCC_PREPROCESSOR_DEFINITIONS = (
					"DEBUG=1",
					"$(inherited)",
				);
				GCC_WARN_64_TO_32_BIT_CONVERSION = YES;
				GCC_WARN_ABOUT_RETURN_TYPE = YES_ERROR;
				GCC_WARN_UNDECLARED_SELECTOR = YES;
				GCC_WARN_UNINITIALIZED_AUTOS = YES_AGGRESSIVE;
				GCC_WARN_UNUSED_FUNCTION = YES;
				GCC_WARN_UNUSED_VARIABLE = YES;
				IPHONEOS_DEPLOYMENT_TARGET = 12.2;
				MTL_ENABLE_DEBUG_INFO = INCLUDE_SOURCE;
				MTL_FAST_MATH = YES;
				ONLY_ACTIVE_ARCH = YES;
				SDKROOT = iphoneos;
				SWIFT_ACTIVE_COMPILATION_CONDITIONS = DEBUG;
				SWIFT_OPTIMIZATION_LEVEL = "-Onone";
			};
			name = Debug;
		};
		B8176E322342F32900D6696A /* Release */ = {
			isa = XCBuildConfiguration;
			buildSettings = {
				ALWAYS_SEARCH_USER_PATHS = NO;
				CLANG_ANALYZER_NONNULL = YES;
				CLANG_ANALYZER_NUMBER_OBJECT_CONVERSION = YES_AGGRESSIVE;
				CLANG_CXX_LANGUAGE_STANDARD = "gnu++14";
				CLANG_CXX_LIBRARY = "libc++";
				CLANG_ENABLE_MODULES = YES;
				CLANG_ENABLE_OBJC_ARC = YES;
				CLANG_ENABLE_OBJC_WEAK = YES;
				CLANG_WARN_BLOCK_CAPTURE_AUTORELEASING = YES;
				CLANG_WARN_BOOL_CONVERSION = YES;
				CLANG_WARN_COMMA = YES;
				CLANG_WARN_CONSTANT_CONVERSION = YES;
				CLANG_WARN_DEPRECATED_OBJC_IMPLEMENTATIONS = YES;
				CLANG_WARN_DIRECT_OBJC_ISA_USAGE = YES_ERROR;
				CLANG_WARN_DOCUMENTATION_COMMENTS = YES;
				CLANG_WARN_EMPTY_BODY = YES;
				CLANG_WARN_ENUM_CONVERSION = YES;
				CLANG_WARN_INFINITE_RECURSION = YES;
				CLANG_WARN_INT_CONVERSION = YES;
				CLANG_WARN_NON_LITERAL_NULL_CONVERSION = YES;
				CLANG_WARN_OBJC_IMPLICIT_RETAIN_SELF = YES;
				CLANG_WARN_OBJC_LITERAL_CONVERSION = YES;
				CLANG_WARN_OBJC_ROOT_CLASS = YES_ERROR;
				CLANG_WARN_RANGE_LOOP_ANALYSIS = YES;
				CLANG_WARN_STRICT_PROTOTYPES = YES;
				CLANG_WARN_SUSPICIOUS_MOVE = YES;
				CLANG_WARN_UNGUARDED_AVAILABILITY = YES_AGGRESSIVE;
				CLANG_WARN_UNREACHABLE_CODE = YES;
				CLANG_WARN__DUPLICATE_METHOD_MATCH = YES;
				CODE_SIGN_IDENTITY = "iPhone Developer";
				COPY_PHASE_STRIP = NO;
				DEBUG_INFORMATION_FORMAT = "dwarf-with-dsym";
				ENABLE_NS_ASSERTIONS = NO;
				ENABLE_STRICT_OBJC_MSGSEND = YES;
				GCC_C_LANGUAGE_STANDARD = gnu11;
				GCC_NO_COMMON_BLOCKS = YES;
				GCC_WARN_64_TO_32_BIT_CONVERSION = YES;
				GCC_WARN_ABOUT_RETURN_TYPE = YES_ERROR;
				GCC_WARN_UNDECLARED_SELECTOR = YES;
				GCC_WARN_UNINITIALIZED_AUTOS = YES_AGGRESSIVE;
				GCC_WARN_UNUSED_FUNCTION = YES;
				GCC_WARN_UNUSED_VARIABLE = YES;
				IPHONEOS_DEPLOYMENT_TARGET = 12.2;
				MTL_ENABLE_DEBUG_INFO = NO;
				MTL_FAST_MATH = YES;
				SDKROOT = iphoneos;
				SWIFT_COMPILATION_MODE = wholemodule;
				SWIFT_OPTIMIZATION_LEVEL = "-O";
				VALIDATE_PRODUCT = YES;
			};
			name = Release;
		};
		B8176E342342F32900D6696A /* Debug */ = {
			isa = XCBuildConfiguration;
			buildSettings = {
				ASSETCATALOG_COMPILER_APPICON_NAME = AppIcon;
				CODE_SIGN_STYLE = Automatic;
				DEVELOPMENT_TEAM = YATME8PQ74;
				INFOPLIST_FILE = testSearchFunction/Info.plist;
				LD_RUNPATH_SEARCH_PATHS = (
					"$(inherited)",
					"@executable_path/Frameworks",
				);
				PRODUCT_BUNDLE_IDENTIFIER = zappasoft.testSearchFunction;
				PRODUCT_NAME = "$(TARGET_NAME)";
				SWIFT_VERSION = 4.2;
				TARGETED_DEVICE_FAMILY = "1,2";
			};
			name = Debug;
		};
		B8176E352342F32900D6696A /* Release */ = {
			isa = XCBuildConfiguration;
			buildSettings = {
				ASSETCATALOG_COMPILER_APPICON_NAME = AppIcon;
				CODE_SIGN_STYLE = Automatic;
				DEVELOPMENT_TEAM = YATME8PQ74;
				INFOPLIST_FILE = testSearchFunction/Info.plist;
				LD_RUNPATH_SEARCH_PATHS = (
					"$(inherited)",
					"@executable_path/Frameworks",
				);
				PRODUCT_BUNDLE_IDENTIFIER = zappasoft.testSearchFunction;
				PRODUCT_NAME = "$(TARGET_NAME)";
				SWIFT_VERSION = 4.2;
				TARGETED_DEVICE_FAMILY = "1,2";
			};
			name = Release;
		};
		B861EC3D2342F3AB00C2E9AB /* Debug */ = {
			isa = XCBuildConfiguration;
			buildSettings = {
				BUNDLE_LOADER = "$(TEST_HOST)";
				CODE_SIGN_STYLE = Automatic;
				DEVELOPMENT_TEAM = YATME8PQ74;
				INFOPLIST_FILE = testSearchFunctionTests/Info.plist;
				IPHONEOS_DEPLOYMENT_TARGET = 12.1;
				LD_RUNPATH_SEARCH_PATHS = (
					"$(inherited)",
					"@executable_path/Frameworks",
					"@loader_path/Frameworks",
				);
				PRODUCT_BUNDLE_IDENTIFIER = zappasoft.testSearchFunctionTests;
				PRODUCT_NAME = "$(TARGET_NAME)";
				SWIFT_VERSION = 4.2;
				TARGETED_DEVICE_FAMILY = "1,2";
				TEST_HOST = "$(BUILT_PRODUCTS_DIR)/testSearchFunction.app/testSearchFunction";
			};
			name = Debug;
		};
		B861EC3E2342F3AB00C2E9AB /* Release */ = {
			isa = XCBuildConfiguration;
			buildSettings = {
				BUNDLE_LOADER = "$(TEST_HOST)";
				CODE_SIGN_STYLE = Automatic;
				DEVELOPMENT_TEAM = YATME8PQ74;
				INFOPLIST_FILE = testSearchFunctionTests/Info.plist;
				IPHONEOS_DEPLOYMENT_TARGET = 12.1;
				LD_RUNPATH_SEARCH_PATHS = (
					"$(inherited)",
					"@executable_path/Frameworks",
					"@loader_path/Frameworks",
				);
				PRODUCT_BUNDLE_IDENTIFIER = zappasoft.testSearchFunctionTests;
				PRODUCT_NAME = "$(TARGET_NAME)";
				SWIFT_VERSION = 4.2;
				TARGETED_DEVICE_FAMILY = "1,2";
				TEST_HOST = "$(BUILT_PRODUCTS_DIR)/testSearchFunction.app/testSearchFunction";
			};
			name = Release;
		};
/* End XCBuildConfiguration section */

/* Begin XCConfigurationList section */
		B8176E1C2342F32800D6696A /* Build configuration list for PBXProject "testSearchFunction" */ = {
			isa = XCConfigurationList;
			buildConfigurations = (
				B8176E312342F32900D6696A /* Debug */,
				B8176E322342F32900D6696A /* Release */,
			);
			defaultConfigurationIsVisible = 0;
			defaultConfigurationName = Release;
		};
		B8176E332342F32900D6696A /* Build configuration list for PBXNativeTarget "testSearchFunction" */ = {
			isa = XCConfigurationList;
			buildConfigurations = (
				B8176E342342F32900D6696A /* Debug */,
				B8176E352342F32900D6696A /* Release */,
			);
			defaultConfigurationIsVisible = 0;
			defaultConfigurationName = Release;
		};
		B861EC3F2342F3AB00C2E9AB /* Build configuration list for PBXNativeTarget "testSearchFunctionTests" */ = {
			isa = XCConfigurationList;
			buildConfigurations = (
				B861EC3D2342F3AB00C2E9AB /* Debug */,
				B861EC3E2342F3AB00C2E9AB /* Release */,
			);
			defaultConfigurationIsVisible = 0;
			defaultConfigurationName = Release;
		};
/* End XCConfigurationList section */
	};
	rootObject = B8176E192342F32800D6696A /* Project object */;
}
